lockfileVersion: '9.0'

settings:
  autoInstallPeers: true
  excludeLinksFromLockfile: false

importers:

  .:
    dependencies:
      '@next/mdx':
        specifier: 15.3.0
        version: 15.3.0
      '@tailwindcss/postcss':
        specifier: ^4.1.3
        version: 4.1.3
      '@types/mdx':
        specifier: ^2.0.13
        version: 2.0.13
      '@vercel/analytics':
        specifier: ^1.5.0
        version: 1.5.0(next@15.3.0(react-dom@19.1.0(react@19.1.0))(react@19.1.0))(react@19.1.0)
      framer-motion:
        specifier: ^12.6.3
        version: 12.6.3(react-dom@19.1.0(react@19.1.0))(react@19.1.0)
      next:
        specifier: 15.3.0
        version: 15.3.0(react-dom@19.1.0(react@19.1.0))(react@19.1.0)
      postgres:
        specifier: ^3.4.5
        version: 3.4.5
      react:
        specifier: 19.1.0
        version: 19.1.0
      react-dom:
        specifier: 19.1.0
        version: 19.1.0(react@19.1.0)
      sugar-high:
        specifier: ^0.9.3
        version: 0.9.3
    devDependencies:
      '@types/node':
        specifier: ^22.14.0
        version: 22.14.0
      '@types/react':
        specifier: ^19.1.0
        version: 19.1.0
      '@types/react-dom':
        specifier: ^19.1.2
        version: 19.1.2(@types/react@19.1.0)
      postcss:
        specifier: ^8.5.3
        version: 8.5.3
      tailwindcss:
        specifier: ^4.1.3
        version: 4.1.3
      typescript:
        specifier: ^5.8.3
        version: 5.8.3

packages:

  '@alloc/quick-lru@5.2.0':
    resolution: {integrity: sha512-UrcABB+4bUrFABwbluTIBErXwvbsU/V7TZWfmbgJfbkwiBuziS9gxdODUyuiecfdGQ85jglMW6juS3+z5TsKLw==}
    engines: {node: '>=10'}

  '@emnapi/runtime@1.4.0':
    resolution: {integrity: sha512-64WYIf4UYcdLnbKn/umDlNjQDSS8AgZrI/R9+x5ilkUVFxXcA1Ebl+gQLc/6mERA4407Xof0R7wEyEuj091CVw==}

  '@img/sharp-darwin-arm64@0.34.1':
    resolution: {integrity: sha512-pn44xgBtgpEbZsu+lWf2KNb6OAf70X68k+yk69Ic2Xz11zHR/w24/U49XT7AeRwJ0Px+mhALhU5LPci1Aymk7A==}
    engines: {node: ^18.17.0 || ^20.3.0 || >=21.0.0}
    cpu: [arm64]
    os: [darwin]

  '@img/sharp-darwin-x64@0.34.1':
    resolution: {integrity: sha512-VfuYgG2r8BpYiOUN+BfYeFo69nP/MIwAtSJ7/Zpxc5QF3KS22z8Pvg3FkrSFJBPNQ7mmcUcYQFBmEQp7eu1F8Q==}
    engines: {node: ^18.17.0 || ^20.3.0 || >=21.0.0}
    cpu: [x64]
    os: [darwin]

  '@img/sharp-libvips-darwin-arm64@1.1.0':
    resolution: {integrity: sha512-HZ/JUmPwrJSoM4DIQPv/BfNh9yrOA8tlBbqbLz4JZ5uew2+o22Ik+tHQJcih7QJuSa0zo5coHTfD5J8inqj9DA==}
    cpu: [arm64]
    os: [darwin]

  '@img/sharp-libvips-darwin-x64@1.1.0':
    resolution: {integrity: sha512-Xzc2ToEmHN+hfvsl9wja0RlnXEgpKNmftriQp6XzY/RaSfwD9th+MSh0WQKzUreLKKINb3afirxW7A0fz2YWuQ==}
    cpu: [x64]
    os: [darwin]

  '@img/sharp-libvips-linux-arm64@1.1.0':
    resolution: {integrity: sha512-IVfGJa7gjChDET1dK9SekxFFdflarnUB8PwW8aGwEoF3oAsSDuNUTYS+SKDOyOJxQyDC1aPFMuRYLoDInyV9Ew==}
    cpu: [arm64]
    os: [linux]

  '@img/sharp-libvips-linux-arm@1.1.0':
    resolution: {integrity: sha512-s8BAd0lwUIvYCJyRdFqvsj+BJIpDBSxs6ivrOPm/R7piTs5UIwY5OjXrP2bqXC9/moGsyRa37eYWYCOGVXxVrA==}
    cpu: [arm]
    os: [linux]

  '@img/sharp-libvips-linux-ppc64@1.1.0':
    resolution: {integrity: sha512-tiXxFZFbhnkWE2LA8oQj7KYR+bWBkiV2nilRldT7bqoEZ4HiDOcePr9wVDAZPi/Id5fT1oY9iGnDq20cwUz8lQ==}
    cpu: [ppc64]
    os: [linux]

  '@img/sharp-libvips-linux-s390x@1.1.0':
    resolution: {integrity: sha512-xukSwvhguw7COyzvmjydRb3x/09+21HykyapcZchiCUkTThEQEOMtBj9UhkaBRLuBrgLFzQ2wbxdeCCJW/jgJA==}
    cpu: [s390x]
    os: [linux]

  '@img/sharp-libvips-linux-x64@1.1.0':
    resolution: {integrity: sha512-yRj2+reB8iMg9W5sULM3S74jVS7zqSzHG3Ol/twnAAkAhnGQnpjj6e4ayUz7V+FpKypwgs82xbRdYtchTTUB+Q==}
    cpu: [x64]
    os: [linux]

  '@img/sharp-libvips-linuxmusl-arm64@1.1.0':
    resolution: {integrity: sha512-jYZdG+whg0MDK+q2COKbYidaqW/WTz0cc1E+tMAusiDygrM4ypmSCjOJPmFTvHHJ8j/6cAGyeDWZOsK06tP33w==}
    cpu: [arm64]
    os: [linux]

  '@img/sharp-libvips-linuxmusl-x64@1.1.0':
    resolution: {integrity: sha512-wK7SBdwrAiycjXdkPnGCPLjYb9lD4l6Ze2gSdAGVZrEL05AOUJESWU2lhlC+Ffn5/G+VKuSm6zzbQSzFX/P65A==}
    cpu: [x64]
    os: [linux]

  '@img/sharp-linux-arm64@0.34.1':
    resolution: {integrity: sha512-kX2c+vbvaXC6vly1RDf/IWNXxrlxLNpBVWkdpRq5Ka7OOKj6nr66etKy2IENf6FtOgklkg9ZdGpEu9kwdlcwOQ==}
    engines: {node: ^18.17.0 || ^20.3.0 || >=21.0.0}
    cpu: [arm64]
    os: [linux]

  '@img/sharp-linux-arm@0.34.1':
    resolution: {integrity: sha512-anKiszvACti2sGy9CirTlNyk7BjjZPiML1jt2ZkTdcvpLU1YH6CXwRAZCA2UmRXnhiIftXQ7+Oh62Ji25W72jA==}
    engines: {node: ^18.17.0 || ^20.3.0 || >=21.0.0}
    cpu: [arm]
    os: [linux]

  '@img/sharp-linux-s390x@0.34.1':
    resolution: {integrity: sha512-7s0KX2tI9mZI2buRipKIw2X1ufdTeaRgwmRabt5bi9chYfhur+/C1OXg3TKg/eag1W+6CCWLVmSauV1owmRPxA==}
    engines: {node: ^18.17.0 || ^20.3.0 || >=21.0.0}
    cpu: [s390x]
    os: [linux]

  '@img/sharp-linux-x64@0.34.1':
    resolution: {integrity: sha512-wExv7SH9nmoBW3Wr2gvQopX1k8q2g5V5Iag8Zk6AVENsjwd+3adjwxtp3Dcu2QhOXr8W9NusBU6XcQUohBZ5MA==}
    engines: {node: ^18.17.0 || ^20.3.0 || >=21.0.0}
    cpu: [x64]
    os: [linux]

  '@img/sharp-linuxmusl-arm64@0.34.1':
    resolution: {integrity: sha512-DfvyxzHxw4WGdPiTF0SOHnm11Xv4aQexvqhRDAoD00MzHekAj9a/jADXeXYCDFH/DzYruwHbXU7uz+H+nWmSOQ==}
    engines: {node: ^18.17.0 || ^20.3.0 || >=21.0.0}
    cpu: [arm64]
    os: [linux]

  '@img/sharp-linuxmusl-x64@0.34.1':
    resolution: {integrity: sha512-pax/kTR407vNb9qaSIiWVnQplPcGU8LRIJpDT5o8PdAx5aAA7AS3X9PS8Isw1/WfqgQorPotjrZL3Pqh6C5EBg==}
    engines: {node: ^18.17.0 || ^20.3.0 || >=21.0.0}
    cpu: [x64]
    os: [linux]

  '@img/sharp-wasm32@0.34.1':
    resolution: {integrity: sha512-YDybQnYrLQfEpzGOQe7OKcyLUCML4YOXl428gOOzBgN6Gw0rv8dpsJ7PqTHxBnXnwXr8S1mYFSLSa727tpz0xg==}
    engines: {node: ^18.17.0 || ^20.3.0 || >=21.0.0}
    cpu: [wasm32]

  '@img/sharp-win32-ia32@0.34.1':
    resolution: {integrity: sha512-WKf/NAZITnonBf3U1LfdjoMgNO5JYRSlhovhRhMxXVdvWYveM4kM3L8m35onYIdh75cOMCo1BexgVQcCDzyoWw==}
    engines: {node: ^18.17.0 || ^20.3.0 || >=21.0.0}
    cpu: [ia32]
    os: [win32]

  '@img/sharp-win32-x64@0.34.1':
    resolution: {integrity: sha512-hw1iIAHpNE8q3uMIRCgGOeDoz9KtFNarFLQclLxr/LK1VBkj8nby18RjFvr6aP7USRYAjTZW6yisnBWMX571Tw==}
    engines: {node: ^18.17.0 || ^20.3.0 || >=21.0.0}
    cpu: [x64]
    os: [win32]

  '@next/env@15.3.0':
    resolution: {integrity: sha512-6mDmHX24nWlHOlbwUiAOmMyY7KELimmi+ed8qWcJYjqXeC+G6JzPZ3QosOAfjNwgMIzwhXBiRiCgdh8axTTdTA==}

  '@next/mdx@15.3.0':
    resolution: {integrity: sha512-xGTgIp9vfdyAsL7fTkV49VtIyQfoxmpZNSGD3Bow9FBk/8aK6WHv9loLEuMSAwhkOw4cgX3gwcNKysS56UuFPg==}
    peerDependencies:
      '@mdx-js/loader': '>=0.15.0'
      '@mdx-js/react': '>=0.15.0'
    peerDependenciesMeta:
      '@mdx-js/loader':
        optional: true
      '@mdx-js/react':
        optional: true

  '@next/swc-darwin-arm64@15.3.0':
    resolution: {integrity: sha512-PDQcByT0ZfF2q7QR9d+PNj3wlNN4K6Q8JoHMwFyk252gWo4gKt7BF8Y2+KBgDjTFBETXZ/TkBEUY7NIIY7A/Kw==}
    engines: {node: '>= 10'}
    cpu: [arm64]
    os: [darwin]

  '@next/swc-darwin-x64@15.3.0':
    resolution: {integrity: sha512-m+eO21yg80En8HJ5c49AOQpFDq+nP51nu88ZOMCorvw3g//8g1JSUsEiPSiFpJo1KCTQ+jm9H0hwXK49H/RmXg==}
    engines: {node: '>= 10'}
    cpu: [x64]
    os: [darwin]

  '@next/swc-linux-arm64-gnu@15.3.0':
    resolution: {integrity: sha512-H0Kk04ZNzb6Aq/G6e0un4B3HekPnyy6D+eUBYPJv9Abx8KDYgNMWzKt4Qhj57HXV3sTTjsfc1Trc1SxuhQB+Tg==}
    engines: {node: '>= 10'}
    cpu: [arm64]
    os: [linux]

  '@next/swc-linux-arm64-musl@15.3.0':
    resolution: {integrity: sha512-k8GVkdMrh/+J9uIv/GpnHakzgDQhrprJ/FbGQvwWmstaeFG06nnAoZCJV+wO/bb603iKV1BXt4gHG+s2buJqZA==}
    engines: {node: '>= 10'}
    cpu: [arm64]
    os: [linux]

  '@next/swc-linux-x64-gnu@15.3.0':
    resolution: {integrity: sha512-ZMQ9yzDEts/vkpFLRAqfYO1wSpIJGlQNK9gZ09PgyjBJUmg8F/bb8fw2EXKgEaHbCc4gmqMpDfh+T07qUphp9A==}
    engines: {node: '>= 10'}
    cpu: [x64]
    os: [linux]

  '@next/swc-linux-x64-musl@15.3.0':
    resolution: {integrity: sha512-RFwq5VKYTw9TMr4T3e5HRP6T4RiAzfDJ6XsxH8j/ZeYq2aLsBqCkFzwMI0FmnSsLaUbOb46Uov0VvN3UciHX5A==}
    engines: {node: '>= 10'}
    cpu: [x64]
    os: [linux]

  '@next/swc-win32-arm64-msvc@15.3.0':
    resolution: {integrity: sha512-a7kUbqa/k09xPjfCl0RSVAvEjAkYBYxUzSVAzk2ptXiNEL+4bDBo9wNC43G/osLA/EOGzG4CuNRFnQyIHfkRgQ==}
    engines: {node: '>= 10'}
    cpu: [arm64]
    os: [win32]

  '@next/swc-win32-x64-msvc@15.3.0':
    resolution: {integrity: sha512-vHUQS4YVGJPmpjn7r5lEZuMhK5UQBNBRSB+iGDvJjaNk649pTIcRluDWNb9siunyLLiu/LDPHfvxBtNamyuLTw==}
    engines: {node: '>= 10'}
    cpu: [x64]
    os: [win32]

  '@swc/counter@0.1.3':
    resolution: {integrity: sha512-e2BR4lsJkkRlKZ/qCHPw9ZaSxc0MVUd7gtbtaB7aMvHeJVYe8sOB8DBZkP2DtISHGSku9sCK6T6cnY0CtXrOCQ==}

  '@swc/helpers@0.5.15':
    resolution: {integrity: sha512-JQ5TuMi45Owi4/BIMAJBoSQoOJu12oOk/gADqlcUL9JEdHB8vyjUSsxqeNXnmXHjYKMi2WcYtezGEEhqUI/E2g==}

  '@tailwindcss/node@4.1.3':
    resolution: {integrity: sha512-H/6r6IPFJkCfBJZ2dKZiPJ7Ueb2wbL592+9bQEl2r73qbX6yGnmQVIfiUvDRB2YI0a3PWDrzUwkvQx1XW1bNkA==}

  '@tailwindcss/oxide-android-arm64@4.1.3':
    resolution: {integrity: sha512-cxklKjtNLwFl3mDYw4XpEfBY+G8ssSg9ADL4Wm6//5woi3XGqlxFsnV5Zb6v07dxw1NvEX2uoqsxO/zWQsgR+g==}
    engines: {node: '>= 10'}
    cpu: [arm64]
    os: [android]

  '@tailwindcss/oxide-darwin-arm64@4.1.3':
    resolution: {integrity: sha512-mqkf2tLR5VCrjBvuRDwzKNShRu99gCAVMkVsaEOFvv6cCjlEKXRecPu9DEnxp6STk5z+Vlbh1M5zY3nQCXMXhw==}
    engines: {node: '>= 10'}
    cpu: [arm64]
    os: [darwin]

  '@tailwindcss/oxide-darwin-x64@4.1.3':
    resolution: {integrity: sha512-7sGraGaWzXvCLyxrc7d+CCpUN3fYnkkcso3rCzwUmo/LteAl2ZGCDlGvDD8Y/1D3ngxT8KgDj1DSwOnNewKhmg==}
    engines: {node: '>= 10'}
    cpu: [x64]
    os: [darwin]

  '@tailwindcss/oxide-freebsd-x64@4.1.3':
    resolution: {integrity: sha512-E2+PbcbzIReaAYZe997wb9rId246yDkCwAakllAWSGqe6VTg9hHle67hfH6ExjpV2LSK/siRzBUs5wVff3RW9w==}
    engines: {node: '>= 10'}
    cpu: [x64]
    os: [freebsd]

  '@tailwindcss/oxide-linux-arm-gnueabihf@4.1.3':
    resolution: {integrity: sha512-GvfbJ8wjSSjbLFFE3UYz4Eh8i4L6GiEYqCtA8j2Zd2oXriPuom/Ah/64pg/szWycQpzRnbDiJozoxFU2oJZyfg==}
    engines: {node: '>= 10'}
    cpu: [arm]
    os: [linux]

  '@tailwindcss/oxide-linux-arm64-gnu@4.1.3':
    resolution: {integrity: sha512-35UkuCWQTeG9BHcBQXndDOrpsnt3Pj9NVIB4CgNiKmpG8GnCNXeMczkUpOoqcOhO6Cc/mM2W7kaQ/MTEENDDXg==}
    engines: {node: '>= 10'}
    cpu: [arm64]
    os: [linux]

  '@tailwindcss/oxide-linux-arm64-musl@4.1.3':
    resolution: {integrity: sha512-dm18aQiML5QCj9DQo7wMbt1Z2tl3Giht54uVR87a84X8qRtuXxUqnKQkRDK5B4bCOmcZ580lF9YcoMkbDYTXHQ==}
    engines: {node: '>= 10'}
    cpu: [arm64]
    os: [linux]

  '@tailwindcss/oxide-linux-x64-gnu@4.1.3':
    resolution: {integrity: sha512-LMdTmGe/NPtGOaOfV2HuO7w07jI3cflPrVq5CXl+2O93DCewADK0uW1ORNAcfu2YxDUS035eY2W38TxrsqngxA==}
    engines: {node: '>= 10'}
    cpu: [x64]
    os: [linux]

  '@tailwindcss/oxide-linux-x64-musl@4.1.3':
    resolution: {integrity: sha512-aalNWwIi54bbFEizwl1/XpmdDrOaCjRFQRgtbv9slWjmNPuJJTIKPHf5/XXDARc9CneW9FkSTqTbyvNecYAEGw==}
    engines: {node: '>= 10'}
    cpu: [x64]
    os: [linux]

  '@tailwindcss/oxide-win32-arm64-msvc@4.1.3':
    resolution: {integrity: sha512-PEj7XR4OGTGoboTIAdXicKuWl4EQIjKHKuR+bFy9oYN7CFZo0eu74+70O4XuERX4yjqVZGAkCdglBODlgqcCXg==}
    engines: {node: '>= 10'}
    cpu: [arm64]
    os: [win32]

  '@tailwindcss/oxide-win32-x64-msvc@4.1.3':
    resolution: {integrity: sha512-T8gfxECWDBENotpw3HR9SmNiHC9AOJdxs+woasRZ8Q/J4VHN0OMs7F+4yVNZ9EVN26Wv6mZbK0jv7eHYuLJLwA==}
    engines: {node: '>= 10'}
    cpu: [x64]
    os: [win32]

  '@tailwindcss/oxide@4.1.3':
    resolution: {integrity: sha512-t16lpHCU7LBxDe/8dCj9ntyNpXaSTAgxWm1u2XQP5NiIu4KGSyrDJJRlK9hJ4U9yJxx0UKCVI67MJWFNll5mOQ==}
    engines: {node: '>= 10'}

  '@tailwindcss/postcss@4.1.3':
    resolution: {integrity: sha512-6s5nJODm98F++QT49qn8xJKHQRamhYHfMi3X7/ltxiSQ9dyRsaFSfFkfaMsanWzf+TMYQtbk8mt5f6cCVXJwfg==}

  '@types/mdx@2.0.13':
    resolution: {integrity: sha512-+OWZQfAYyio6YkJb3HLxDrvnx6SWWDbC0zVPfBRzUk0/nqoDyf6dNxQi3eArPe8rJ473nobTMQ/8Zk+LxJ+Yuw==}

  '@types/node@22.14.0':
    resolution: {integrity: sha512-Kmpl+z84ILoG+3T/zQFyAJsU6EPTmOCj8/2+83fSN6djd6I4o7uOuGIH6vq3PrjY5BGitSbFuMN18j3iknubbA==}

  '@types/react-dom@19.1.2':
    resolution: {integrity: sha512-XGJkWF41Qq305SKWEILa1O8vzhb3aOo3ogBlSmiqNko/WmRb6QIaweuZCXjKygVDXpzXb5wyxKTSOsmkuqj+Qw==}
    peerDependencies:
      '@types/react': ^19.0.0

  '@types/react@19.1.0':
    resolution: {integrity: sha512-UaicktuQI+9UKyA4njtDOGBD/67t8YEBt2xdfqu8+gP9hqPUPsiXlNPcpS2gVdjmis5GKPG3fCxbQLVgxsQZ8w==}

  '@vercel/analytics@1.5.0':
    resolution: {integrity: sha512-MYsBzfPki4gthY5HnYN7jgInhAZ7Ac1cYDoRWFomwGHWEX7odTEzbtg9kf/QSo7XEsEAqlQugA6gJ2WS2DEa3g==}
    peerDependencies:
      '@remix-run/react': ^2
      '@sveltejs/kit': ^1 || ^2
      next: '>= 13'
      react: ^18 || ^19 || ^19.0.0-rc
      svelte: '>= 4'
      vue: ^3
      vue-router: ^4
    peerDependenciesMeta:
      '@remix-run/react':
        optional: true
      '@sveltejs/kit':
        optional: true
      next:
        optional: true
      react:
        optional: true
      svelte:
        optional: true
      vue:
        optional: true
      vue-router:
        optional: true

  busboy@1.6.0:
    resolution: {integrity: sha512-8SFQbg/0hQ9xy3UNTB0YEnsNBbWfhf7RtnzpL7TkBiTBRfrQ9Fxcnz7VJsleJpyp6rVLvXiuORqjlHi5q+PYuA==}
    engines: {node: '>=10.16.0'}

  caniuse-lite@1.0.30001712:
    resolution: {integrity: sha512-MBqPpGYYdQ7/hfKiet9SCI+nmN5/hp4ZzveOJubl5DTAMa5oggjAuoi0Z4onBpKPFI2ePGnQuQIzF3VxDjDJig==}

  client-only@0.0.1:
    resolution: {integrity: sha512-IV3Ou0jSMzZrd3pZ48nLkT9DA7Ag1pnPzaiQhpW7c3RbcqqzvzzVu+L8gfqMp/8IM2MQtSiqaCxrrcfu8I8rMA==}

  color-convert@2.0.1:
    resolution: {integrity: sha512-RRECPsj7iu/xb5oKYcsFHSppFNnsj/52OVTRKb4zP5onXwVF3zVmmToNcOfGC+CRDpfK/U584fMg38ZHCaElKQ==}
    engines: {node: '>=7.0.0'}

  color-name@1.1.4:
    resolution: {integrity: sha512-dOy+3AuW3a2wNbZHIuMZpTcgjGuLU/uBL/ubcZF9OXbDo8ff4O8yVp5Bf0efS8uEoYo5q4Fx7dY9OgQGXgAsQA==}

  color-string@1.9.1:
    resolution: {integrity: sha512-shrVawQFojnZv6xM40anx4CkoDP+fZsw/ZerEMsW/pyzsRbElpsL/DBVW7q3ExxwusdNXI3lXpuhEZkzs8p5Eg==}

  color@4.2.3:
    resolution: {integrity: sha512-1rXeuUUiGGrykh+CeBdu5Ie7OJwinCgQY0bc7GCRxy5xVHy+moaqkpL/jqQq0MtQOeYcrqEz4abc5f0KtU7W4A==}
    engines: {node: '>=12.5.0'}

  csstype@3.1.3:
    resolution: {integrity: sha512-M1uQkMl8rQK/szD0LNhtqxIPLpimGm8sOBwU7lLnCpSbTyY3yeU1Vc7l4KT5zT4s/yOxHH5O7tIuuLOCnLADRw==}

  detect-libc@2.0.3:
    resolution: {integrity: sha512-bwy0MGW55bG41VqxxypOsdSdGqLwXPI/focwgTYCFMbdUiBAxLg9CFzG08sz2aqzknwiX7Hkl0bQENjg8iLByw==}
    engines: {node: '>=8'}

  enhanced-resolve@5.18.1:
    resolution: {integrity: sha512-ZSW3ma5GkcQBIpwZTSRAI8N71Uuwgs93IezB7mf7R60tC8ZbJideoDNKjHn2O9KIlx6rkGTTEk1xUCK2E1Y2Yg==}
    engines: {node: '>=10.13.0'}

  framer-motion@12.6.3:
    resolution: {integrity: sha512-2hsqknz23aloK85bzMc9nSR2/JP+fValQ459ZTVElFQ0xgwR2YqNjYSuDZdFBPOwVCt4Q9jgyTt6hg6sVOALzw==}
    peerDependencies:
      '@emotion/is-prop-valid': '*'
      react: ^18.0.0 || ^19.0.0
      react-dom: ^18.0.0 || ^19.0.0
    peerDependenciesMeta:
      '@emotion/is-prop-valid':
        optional: true
      react:
        optional: true
      react-dom:
        optional: true

  graceful-fs@4.2.11:
    resolution: {integrity: sha512-RbJ5/jmFcNNCcDV5o9eTnBLJ/HszWV0P73bc+Ff4nS/rJj+YaS6IGyiOL0VoBYX+l1Wrl3k63h/KrH+nhJ0XvQ==}

  is-arrayish@0.3.2:
    resolution: {integrity: sha512-eVRqCvVlZbuw3GrM63ovNSNAeA1K16kaR/LRY/92w0zxQ5/1YzwblUX652i4Xs9RwAGjW9d9y6X88t8OaAJfWQ==}

  jiti@2.4.2:
    resolution: {integrity: sha512-rg9zJN+G4n2nfJl5MW3BMygZX56zKPNVEYYqq7adpmMh4Jn2QNEwhvQlFy6jPVdcod7txZtKHWnyZiA3a0zP7A==}
    hasBin: true

  lightningcss-darwin-arm64@1.29.2:
    resolution: {integrity: sha512-cK/eMabSViKn/PG8U/a7aCorpeKLMlK0bQeNHmdb7qUnBkNPnL+oV5DjJUo0kqWsJUapZsM4jCfYItbqBDvlcA==}
    engines: {node: '>= 12.0.0'}
    cpu: [arm64]
    os: [darwin]

  lightningcss-darwin-x64@1.29.2:
    resolution: {integrity: sha512-j5qYxamyQw4kDXX5hnnCKMf3mLlHvG44f24Qyi2965/Ycz829MYqjrVg2H8BidybHBp9kom4D7DR5VqCKDXS0w==}
    engines: {node: '>= 12.0.0'}
    cpu: [x64]
    os: [darwin]

  lightningcss-freebsd-x64@1.29.2:
    resolution: {integrity: sha512-wDk7M2tM78Ii8ek9YjnY8MjV5f5JN2qNVO+/0BAGZRvXKtQrBC4/cn4ssQIpKIPP44YXw6gFdpUF+Ps+RGsCwg==}
    engines: {node: '>= 12.0.0'}
    cpu: [x64]
    os: [freebsd]

  lightningcss-linux-arm-gnueabihf@1.29.2:
    resolution: {integrity: sha512-IRUrOrAF2Z+KExdExe3Rz7NSTuuJ2HvCGlMKoquK5pjvo2JY4Rybr+NrKnq0U0hZnx5AnGsuFHjGnNT14w26sg==}
    engines: {node: '>= 12.0.0'}
    cpu: [arm]
    os: [linux]

  lightningcss-linux-arm64-gnu@1.29.2:
    resolution: {integrity: sha512-KKCpOlmhdjvUTX/mBuaKemp0oeDIBBLFiU5Fnqxh1/DZ4JPZi4evEH7TKoSBFOSOV3J7iEmmBaw/8dpiUvRKlQ==}
    engines: {node: '>= 12.0.0'}
    cpu: [arm64]
    os: [linux]

  lightningcss-linux-arm64-musl@1.29.2:
    resolution: {integrity: sha512-Q64eM1bPlOOUgxFmoPUefqzY1yV3ctFPE6d/Vt7WzLW4rKTv7MyYNky+FWxRpLkNASTnKQUaiMJ87zNODIrrKQ==}
    engines: {node: '>= 12.0.0'}
    cpu: [arm64]
    os: [linux]

  lightningcss-linux-x64-gnu@1.29.2:
    resolution: {integrity: sha512-0v6idDCPG6epLXtBH/RPkHvYx74CVziHo6TMYga8O2EiQApnUPZsbR9nFNrg2cgBzk1AYqEd95TlrsL7nYABQg==}
    engines: {node: '>= 12.0.0'}
    cpu: [x64]
    os: [linux]

  lightningcss-linux-x64-musl@1.29.2:
    resolution: {integrity: sha512-rMpz2yawkgGT8RULc5S4WiZopVMOFWjiItBT7aSfDX4NQav6M44rhn5hjtkKzB+wMTRlLLqxkeYEtQ3dd9696w==}
    engines: {node: '>= 12.0.0'}
    cpu: [x64]
    os: [linux]

  lightningcss-win32-arm64-msvc@1.29.2:
    resolution: {integrity: sha512-nL7zRW6evGQqYVu/bKGK+zShyz8OVzsCotFgc7judbt6wnB2KbiKKJwBE4SGoDBQ1O94RjW4asrCjQL4i8Fhbw==}
    engines: {node: '>= 12.0.0'}
    cpu: [arm64]
    os: [win32]

  lightningcss-win32-x64-msvc@1.29.2:
    resolution: {integrity: sha512-EdIUW3B2vLuHmv7urfzMI/h2fmlnOQBk1xlsDxkN1tCWKjNFjfLhGxYk8C8mzpSfr+A6jFFIi8fU6LbQGsRWjA==}
    engines: {node: '>= 12.0.0'}
    cpu: [x64]
    os: [win32]

  lightningcss@1.29.2:
    resolution: {integrity: sha512-6b6gd/RUXKaw5keVdSEtqFVdzWnU5jMxTUjA2bVcMNPLwSQ08Sv/UodBVtETLCn7k4S1Ibxwh7k68IwLZPgKaA==}
    engines: {node: '>= 12.0.0'}

  motion-dom@12.6.3:
    resolution: {integrity: sha512-gRY08RjcnzgFYLemUZ1lo/e9RkBxR+6d4BRvoeZDSeArG4XQXERSPapKl3LNQRu22Sndjf1h+iavgY0O4NrYqA==}

  motion-utils@12.6.3:
    resolution: {integrity: sha512-R/b3Ia2VxtTNZ4LTEO5pKYau1OUNHOuUfxuP0WFCTDYdHkeTBR9UtxR1cc8mDmKr8PEhmmfnTKGz3rSMjNRoRg==}

  nanoid@3.3.11:
    resolution: {integrity: sha512-N8SpfPUnUp1bK+PMYW8qSWdl9U+wwNWI4QKxOYDy9JAro3WMX7p2OeVRF9v+347pnakNevPmiHhNmZ2HbFA76w==}
    engines: {node: ^10 || ^12 || ^13.7 || ^14 || >=15.0.1}
    hasBin: true

  next@15.3.0:
    resolution: {integrity: sha512-k0MgP6BsK8cZ73wRjMazl2y2UcXj49ZXLDEgx6BikWuby/CN+nh81qFFI16edgd7xYpe/jj2OZEIwCoqnzz0bQ==}
    engines: {node: ^18.18.0 || ^19.8.0 || >= 20.0.0}
    hasBin: true
    peerDependencies:
      '@opentelemetry/api': ^1.1.0
      '@playwright/test': ^1.41.2
      babel-plugin-react-compiler: '*'
      react: ^18.2.0 || 19.0.0-rc-de68d2f4-20241204 || ^19.0.0
      react-dom: ^18.2.0 || 19.0.0-rc-de68d2f4-20241204 || ^19.0.0
      sass: ^1.3.0
    peerDependenciesMeta:
      '@opentelemetry/api':
        optional: true
      '@playwright/test':
        optional: true
      babel-plugin-react-compiler:
        optional: true
      sass:
        optional: true

  picocolors@1.1.1:
    resolution: {integrity: sha512-xceH2snhtb5M9liqDsmEw56le376mTZkEX/jEb/RxNFyegNul7eNslCXP9FDj/Lcu0X8KEyMceP2ntpaHrDEVA==}

  postcss@8.4.31:
    resolution: {integrity: sha512-PS08Iboia9mts/2ygV3eLpY5ghnUcfLV/EXTOW1E2qYxJKGGBUtNjN76FYHnMs36RmARn41bC0AZmn+rR0OVpQ==}
    engines: {node: ^10 || ^12 || >=14}

  postcss@8.5.3:
    resolution: {integrity: sha512-dle9A3yYxlBSrt8Fu+IpjGT8SY8hN0mlaA6GY8t0P5PjIOZemULz/E2Bnm/2dcUOena75OTNkHI76uZBNUUq3A==}
    engines: {node: ^10 || ^12 || >=14}

  postgres@3.4.5:
    resolution: {integrity: sha512-cDWgoah1Gez9rN3H4165peY9qfpEo+SA61oQv65O3cRUE1pOEoJWwddwcqKE8XZYjbblOJlYDlLV4h67HrEVDg==}
    engines: {node: '>=12'}

  react-dom@19.1.0:
    resolution: {integrity: sha512-Xs1hdnE+DyKgeHJeJznQmYMIBG3TKIHJJT95Q58nHLSrElKlGQqDTR2HQ9fx5CN/Gk6Vh/kupBTDLU11/nDk/g==}
    peerDependencies:
      react: ^19.1.0

  react@19.1.0:
    resolution: {integrity: sha512-FS+XFBNvn3GTAWq26joslQgWNoFu08F4kl0J4CgdNKADkdSGXQyTCnKteIAJy96Br6YbpEU1LSzV5dYtjMkMDg==}
    engines: {node: '>=0.10.0'}

  scheduler@0.26.0:
    resolution: {integrity: sha512-NlHwttCI/l5gCPR3D1nNXtWABUmBwvZpEQiD4IXSbIDq8BzLIK/7Ir5gTFSGZDUu37K5cMNp0hFtzO38sC7gWA==}

  semver@7.7.1:
    resolution: {integrity: sha512-hlq8tAfn0m/61p4BVRcPzIGr6LKiMwo4VM6dGi6pt4qcRkmNzTcWq6eCEjEh+qXjkMDvPlOFFSGwQjoEa6gyMA==}
    engines: {node: '>=10'}
    hasBin: true

  sharp@0.34.1:
    resolution: {integrity: sha512-1j0w61+eVxu7DawFJtnfYcvSv6qPFvfTaqzTQ2BLknVhHTwGS8sc63ZBF4rzkWMBVKybo4S5OBtDdZahh2A1xg==}
    engines: {node: ^18.17.0 || ^20.3.0 || >=21.0.0}

  simple-swizzle@0.2.2:
    resolution: {integrity: sha512-JA//kQgZtbuY83m+xT+tXJkmJncGMTFT+C+g2h2R9uxkYIrE2yy9sgmcLhCnw57/WSD+Eh3J97FPEDFnbXnDUg==}

  source-map-js@1.2.1:
    resolution: {integrity: sha512-UXWMKhLOwVKb728IUtQPXxfYU+usdybtUrK/8uGE8CQMvrhOpwvzDBwj0QhSL7MQc7vIsISBG8VQ8+IDQxpfQA==}
    engines: {node: '>=0.10.0'}

  source-map@0.7.4:
    resolution: {integrity: sha512-l3BikUxvPOcn5E74dZiq5BGsTb5yEwhaTSzccU6t4sDOH8NWJCstKO5QT2CvtFoK6F0saL7p9xHAqHOlCPJygA==}
    engines: {node: '>= 8'}

  streamsearch@1.1.0:
    resolution: {integrity: sha512-Mcc5wHehp9aXz1ax6bZUyY5afg9u2rv5cqQI3mRrYkGC8rW2hM02jWuwjtL++LS5qinSyhj2QfLyNsuc+VsExg==}
    engines: {node: '>=10.0.0'}

  styled-jsx@5.1.6:
    resolution: {integrity: sha512-qSVyDTeMotdvQYoHWLNGwRFJHC+i+ZvdBRYosOFgC+Wg1vx4frN2/RG/NA7SYqqvKNLf39P2LSRA2pu6n0XYZA==}
    engines: {node: '>= 12.0.0'}
    peerDependencies:
      '@babel/core': '*'
      babel-plugin-macros: '*'
      react: '>= 16.8.0 || 17.x.x || ^18.0.0-0 || ^19.0.0-0'
    peerDependenciesMeta:
      '@babel/core':
        optional: true
      babel-plugin-macros:
        optional: true

  sugar-high@0.9.3:
    resolution: {integrity: sha512-sjJH8J76D1dRMU3QINnsYr1wfQyXbyEVQQvdgzJvIer6mkgM8ahB9fNrb+FDWzRKsLuITiBOR0ZbbhDZDUbqjg==}

  tailwindcss@4.1.3:
    resolution: {integrity: sha512-2Q+rw9vy1WFXu5cIxlvsabCwhU2qUwodGq03ODhLJ0jW4ek5BUtoCsnLB0qG+m8AHgEsSJcJGDSDe06FXlP74g==}

  tapable@2.2.1:
    resolution: {integrity: sha512-GNzQvQTOIP6RyTfE2Qxb8ZVlNmw0n88vp1szwWRimP02mnTsx3Wtn5qRdqY9w2XduFNUgvOwhNnQsjwCp+kqaQ==}
    engines: {node: '>=6'}

  tslib@2.8.1:
    resolution: {integrity: sha512-oJFu94HQb+KVduSUQL7wnpmqnfmLsOA/nAh6b6EH0wCEoK0/mPeXU6c3wKDV83MkOuHPRHtSXKKU99IBazS/2w==}

  typescript@5.8.3:
    resolution: {integrity: sha512-p1diW6TqL9L07nNxvRMM7hMMw4c5XOo/1ibL4aAIGmSAt9slTE1Xgw5KWuof2uTOvCg9BY7ZRi+GaF+7sfgPeQ==}
    engines: {node: '>=14.17'}
    hasBin: true

  undici-types@6.21.0:
    resolution: {integrity: sha512-iwDZqg0QAGrg9Rav5H4n0M64c3mkR59cJ6wQp+7C4nI0gsmExaedaYLNO44eT4AtBBwjbTiGPMlt2Md0T9H9JQ==}

snapshots:

  '@alloc/quick-lru@5.2.0': {}

  '@emnapi/runtime@1.4.0':
    dependencies:
      tslib: 2.8.1
    optional: true

  '@img/sharp-darwin-arm64@0.34.1':
    optionalDependencies:
      '@img/sharp-libvips-darwin-arm64': 1.1.0
    optional: true

  '@img/sharp-darwin-x64@0.34.1':
    optionalDependencies:
      '@img/sharp-libvips-darwin-x64': 1.1.0
    optional: true

  '@img/sharp-libvips-darwin-arm64@1.1.0':
    optional: true

  '@img/sharp-libvips-darwin-x64@1.1.0':
    optional: true

  '@img/sharp-libvips-linux-arm64@1.1.0':
    optional: true

  '@img/sharp-libvips-linux-arm@1.1.0':
    optional: true

  '@img/sharp-libvips-linux-ppc64@1.1.0':
    optional: true

  '@img/sharp-libvips-linux-s390x@1.1.0':
    optional: true

  '@img/sharp-libvips-linux-x64@1.1.0':
    optional: true

  '@img/sharp-libvips-linuxmusl-arm64@1.1.0':
    optional: true

  '@img/sharp-libvips-linuxmusl-x64@1.1.0':
    optional: true

  '@img/sharp-linux-arm64@0.34.1':
    optionalDependencies:
      '@img/sharp-libvips-linux-arm64': 1.1.0
    optional: true

  '@img/sharp-linux-arm@0.34.1':
    optionalDependencies:
      '@img/sharp-libvips-linux-arm': 1.1.0
    optional: true

  '@img/sharp-linux-s390x@0.34.1':
    optionalDependencies:
      '@img/sharp-libvips-linux-s390x': 1.1.0
    optional: true

  '@img/sharp-linux-x64@0.34.1':
    optionalDependencies:
      '@img/sharp-libvips-linux-x64': 1.1.0
    optional: true

  '@img/sharp-linuxmusl-arm64@0.34.1':
    optionalDependencies:
      '@img/sharp-libvips-linuxmusl-arm64': 1.1.0
    optional: true

  '@img/sharp-linuxmusl-x64@0.34.1':
    optionalDependencies:
      '@img/sharp-libvips-linuxmusl-x64': 1.1.0
    optional: true

  '@img/sharp-wasm32@0.34.1':
    dependencies:
      '@emnapi/runtime': 1.4.0
    optional: true

  '@img/sharp-win32-ia32@0.34.1':
    optional: true

  '@img/sharp-win32-x64@0.34.1':
    optional: true

  '@next/env@15.3.0': {}

  '@next/mdx@15.3.0':
    dependencies:
      source-map: 0.7.4

  '@next/swc-darwin-arm64@15.3.0':
    optional: true

  '@next/swc-darwin-x64@15.3.0':
    optional: true

  '@next/swc-linux-arm64-gnu@15.3.0':
    optional: true

  '@next/swc-linux-arm64-musl@15.3.0':
    optional: true

  '@next/swc-linux-x64-gnu@15.3.0':
    optional: true

  '@next/swc-linux-x64-musl@15.3.0':
    optional: true

  '@next/swc-win32-arm64-msvc@15.3.0':
    optional: true

  '@next/swc-win32-x64-msvc@15.3.0':
    optional: true

  '@swc/counter@0.1.3': {}

  '@swc/helpers@0.5.15':
    dependencies:
      tslib: 2.8.1

  '@tailwindcss/node@4.1.3':
    dependencies:
      enhanced-resolve: 5.18.1
      jiti: 2.4.2
      lightningcss: 1.29.2
      tailwindcss: 4.1.3

  '@tailwindcss/oxide-android-arm64@4.1.3':
    optional: true

  '@tailwindcss/oxide-darwin-arm64@4.1.3':
    optional: true

  '@tailwindcss/oxide-darwin-x64@4.1.3':
    optional: true

  '@tailwindcss/oxide-freebsd-x64@4.1.3':
    optional: true

  '@tailwindcss/oxide-linux-arm-gnueabihf@4.1.3':
    optional: true

  '@tailwindcss/oxide-linux-arm64-gnu@4.1.3':
    optional: true

  '@tailwindcss/oxide-linux-arm64-musl@4.1.3':
    optional: true

  '@tailwindcss/oxide-linux-x64-gnu@4.1.3':
    optional: true

  '@tailwindcss/oxide-linux-x64-musl@4.1.3':
    optional: true

  '@tailwindcss/oxide-win32-arm64-msvc@4.1.3':
    optional: true

  '@tailwindcss/oxide-win32-x64-msvc@4.1.3':
    optional: true

  '@tailwindcss/oxide@4.1.3':
    optionalDependencies:
      '@tailwindcss/oxide-android-arm64': 4.1.3
      '@tailwindcss/oxide-darwin-arm64': 4.1.3
      '@tailwindcss/oxide-darwin-x64': 4.1.3
      '@tailwindcss/oxide-freebsd-x64': 4.1.3
      '@tailwindcss/oxide-linux-arm-gnueabihf': 4.1.3
      '@tailwindcss/oxide-linux-arm64-gnu': 4.1.3
      '@tailwindcss/oxide-linux-arm64-musl': 4.1.3
      '@tailwindcss/oxide-linux-x64-gnu': 4.1.3
      '@tailwindcss/oxide-linux-x64-musl': 4.1.3
      '@tailwindcss/oxide-win32-arm64-msvc': 4.1.3
      '@tailwindcss/oxide-win32-x64-msvc': 4.1.3

  '@tailwindcss/postcss@4.1.3':
    dependencies:
      '@alloc/quick-lru': 5.2.0
      '@tailwindcss/node': 4.1.3
      '@tailwindcss/oxide': 4.1.3
      postcss: 8.5.3
      tailwindcss: 4.1.3

  '@types/mdx@2.0.13': {}

  '@types/node@22.14.0':
    dependencies:
      undici-types: 6.21.0

  '@types/react-dom@19.1.2(@types/react@19.1.0)':
    dependencies:
      '@types/react': 19.1.0

  '@types/react@19.1.0':
    dependencies:
      csstype: 3.1.3

  '@vercel/analytics@1.5.0(next@15.3.0(react-dom@19.1.0(react@19.1.0))(react@19.1.0))(react@19.1.0)':
    optionalDependencies:
      next: 15.3.0(react-dom@19.1.0(react@19.1.0))(react@19.1.0)
      react: 19.1.0

  busboy@1.6.0:
    dependencies:
      streamsearch: 1.1.0

  caniuse-lite@1.0.30001712: {}

  client-only@0.0.1: {}

  color-convert@2.0.1:
    dependencies:
      color-name: 1.1.4
    optional: true

  color-name@1.1.4:
    optional: true

  color-string@1.9.1:
    dependencies:
      color-name: 1.1.4
      simple-swizzle: 0.2.2
    optional: true

  color@4.2.3:
    dependencies:
      color-convert: 2.0.1
      color-string: 1.9.1
    optional: true

  csstype@3.1.3: {}

  detect-libc@2.0.3: {}

  enhanced-resolve@5.18.1:
    dependencies:
      graceful-fs: 4.2.11
      tapable: 2.2.1

  framer-motion@12.6.3(react-dom@19.1.0(react@19.1.0))(react@19.1.0):
    dependencies:
      motion-dom: 12.6.3
      motion-utils: 12.6.3
      tslib: 2.8.1
    optionalDependencies:
      react: 19.1.0
      react-dom: 19.1.0(react@19.1.0)

  graceful-fs@4.2.11: {}

  is-arrayish@0.3.2:
    optional: true

  jiti@2.4.2: {}

  lightningcss-darwin-arm64@1.29.2:
    optional: true

  lightningcss-darwin-x64@1.29.2:
    optional: true

  lightningcss-freebsd-x64@1.29.2:
    optional: true

  lightningcss-linux-arm-gnueabihf@1.29.2:
    optional: true

  lightningcss-linux-arm64-gnu@1.29.2:
    optional: true

  lightningcss-linux-arm64-musl@1.29.2:
    optional: true

  lightningcss-linux-x64-gnu@1.29.2:
    optional: true

  lightningcss-linux-x64-musl@1.29.2:
    optional: true

  lightningcss-win32-arm64-msvc@1.29.2:
    optional: true

  lightningcss-win32-x64-msvc@1.29.2:
    optional: true

  lightningcss@1.29.2:
    dependencies:
      detect-libc: 2.0.3
    optionalDependencies:
      lightningcss-darwin-arm64: 1.29.2
      lightningcss-darwin-x64: 1.29.2
      lightningcss-freebsd-x64: 1.29.2
      lightningcss-linux-arm-gnueabihf: 1.29.2
      lightningcss-linux-arm64-gnu: 1.29.2
      lightningcss-linux-arm64-musl: 1.29.2
      lightningcss-linux-x64-gnu: 1.29.2
      lightningcss-linux-x64-musl: 1.29.2
      lightningcss-win32-arm64-msvc: 1.29.2
      lightningcss-win32-x64-msvc: 1.29.2

  motion-dom@12.6.3:
    dependencies:
      motion-utils: 12.6.3

  motion-utils@12.6.3: {}

  nanoid@3.3.11: {}

  next@15.3.0(react-dom@19.1.0(react@19.1.0))(react@19.1.0):
    dependencies:
      '@next/env': 15.3.0
      '@swc/counter': 0.1.3
      '@swc/helpers': 0.5.15
      busboy: 1.6.0
      caniuse-lite: 1.0.30001712
      postcss: 8.4.31
      react: 19.1.0
      react-dom: 19.1.0(react@19.1.0)
      styled-jsx: 5.1.6(react@19.1.0)
    optionalDependencies:
      '@next/swc-darwin-arm64': 15.3.0
      '@next/swc-darwin-x64': 15.3.0
      '@next/swc-linux-arm64-gnu': 15.3.0
      '@next/swc-linux-arm64-musl': 15.3.0
      '@next/swc-linux-x64-gnu': 15.3.0
      '@next/swc-linux-x64-musl': 15.3.0
      '@next/swc-win32-arm64-msvc': 15.3.0
      '@next/swc-win32-x64-msvc': 15.3.0
      sharp: 0.34.1
    transitivePeerDependencies:
      - '@babel/core'
      - babel-plugin-macros

  picocolors@1.1.1: {}

  postcss@8.4.31:
    dependencies:
      nanoid: 3.3.11
      picocolors: 1.1.1
      source-map-js: 1.2.1

  postcss@8.5.3:
    dependencies:
      nanoid: 3.3.11
      picocolors: 1.1.1
      source-map-js: 1.2.1

  postgres@3.4.5: {}

  react-dom@19.1.0(react@19.1.0):
    dependencies:
      react: 19.1.0
      scheduler: 0.26.0

  react@19.1.0: {}

  scheduler@0.26.0: {}

  semver@7.7.1:
    optional: true

  sharp@0.34.1:
    dependencies:
      color: 4.2.3
      detect-libc: 2.0.3
      semver: 7.7.1
    optionalDependencies:
      '@img/sharp-darwin-arm64': 0.34.1
      '@img/sharp-darwin-x64': 0.34.1
      '@img/sharp-libvips-darwin-arm64': 1.1.0
      '@img/sharp-libvips-darwin-x64': 1.1.0
      '@img/sharp-libvips-linux-arm': 1.1.0
      '@img/sharp-libvips-linux-arm64': 1.1.0
      '@img/sharp-libvips-linux-ppc64': 1.1.0
      '@img/sharp-libvips-linux-s390x': 1.1.0
      '@img/sharp-libvips-linux-x64': 1.1.0
      '@img/sharp-libvips-linuxmusl-arm64': 1.1.0
      '@img/sharp-libvips-linuxmusl-x64': 1.1.0
      '@img/sharp-linux-arm': 0.34.1
      '@img/sharp-linux-arm64': 0.34.1
      '@img/sharp-linux-s390x': 0.34.1
      '@img/sharp-linux-x64': 0.34.1
      '@img/sharp-linuxmusl-arm64': 0.34.1
      '@img/sharp-linuxmusl-x64': 0.34.1
      '@img/sharp-wasm32': 0.34.1
      '@img/sharp-win32-ia32': 0.34.1
      '@img/sharp-win32-x64': 0.34.1
    optional: true

  simple-swizzle@0.2.2:
    dependencies:
      is-arrayish: 0.3.2
    optional: true

  source-map-js@1.2.1: {}

  source-map@0.7.4: {}

  streamsearch@1.1.0: {}

  styled-jsx@5.1.6(react@19.1.0):
    dependencies:
      client-only: 0.0.1
      react: 19.1.0

  sugar-high@0.9.3: {}

  tailwindcss@4.1.3: {}

  tapable@2.2.1: {}

  tslib@2.8.1: {}

  typescript@5.8.3: {}

  undici-types@6.21.0: {}
